
Microsoft Visual Studio Solution File, Format Version 12.00
# Visual Studio 15
VisualStudioVersion = 15.0.28307.421
MinimumVisualStudioVersion = 10.0.40219.1
Project("{FAE04EC0-301F-11D3-BF4B-00C04F79EFBC}") = "hw4-Person-Dog", "hw4-Person-Dog\hw4-Person-Dog.csproj", "{8ED73635-0916-4765-A4CB-D70345DD7258}"
EndProject
Project("{FAE04EC0-301F-11D3-BF4B-00C04F79EFBC}") = "MyClassLibrary", "MyClassLibrary\MyClassLibrary.csproj", "{4B7DA0D2-1776-40EE-9954-5E2A1D21E311}"
EndProject
Global
	GlobalSection(SolutionConfigurationPlatforms) = preSolution
		Debug|Any CPU = Debug|Any CPU
		Release|Any CPU = Release|Any CPU
	EndGlobalSection
	GlobalSection(ProjectConfigurationPlatforms) = postSolution
		{8ED73635-0916-4765-A4CB-D70345DD7258}.Debug|Any CPU.ActiveCfg = Debug|Any CPU
		{8ED73635-0916-4765-A4CB-D70345DD7258}.Debug|Any CPU.Build.0 = Debug|Any CPU
		{8ED73635-0916-4765-A4CB-D70345DD7258}.Release|Any CPU.ActiveCfg = Release|Any CPU
		{8ED73635-0916-4765-A4CB-D70345DD7258}.Release|Any CPU.Build.0 = Release|Any CPU
		{4B7DA0D2-1776-40EE-9954-5E2A1D21E311}.Debug|Any CPU.ActiveCfg = Debug|Any CPU
		{4B7DA0D2-1776-40EE-9954-5E2A1D21E311}.Debug|Any CPU.Build.0 = Debug|Any CPU
		{4B7DA0D2-1776-40EE-9954-5E2A1D21E311}.Release|Any CPU.ActiveCfg = Release|Any CPU
		{4B7DA0D2-1776-40EE-9954-5E2A1D21E311}.Release|Any CPU.Build.0 = Release|Any CPU
	EndGlobalSection
	GlobalSection(SolutionProperties) = preSolution
		HideSolutionNode = FALSE
	EndGlobalSection
	GlobalSection(ExtensibilityGlobals) = postSolution
		SolutionGuid = {DB2AD6CC-79EC-4D09-9D8F-03ED9C8F5249}
	EndGlobalSection
EndGlobal
